PODS:
  - DACircularProgress (2.3.1)
  - EaseUI (3.4.0):
    - Hyphenate (~> 3.4.0)
    - MJRefresh (~> 3.1.0)
    - MWPhotoBrowser (~> 2.1.1)
  - Hyphenate (3.4.0)
  - MBProgressHUD (0.9.2)
  - MJRefresh (3.1.15.3)
  - MWPhotoBrowser (2.1.2):
    - DACircularProgress (~> 2.3)
    - MBProgressHUD (~> 0.9)
    - "SDWebImage (!= 3.7.2, ~> 3.7)"
  - SDWebImage (3.8.2):
    - SDWebImage/Core (= 3.8.2)
  - SDWebImage/Core (3.8.2)

DEPENDENCIES:
  - EaseUI (from `https://github.com/easemob/easeui-ios-hyphenate-cocoapods.git`)
  - Hyphenate

SPEC REPOS:
  https://github.com/CocoaPods/Specs.git:
    - DACircularProgress
    - Hyphenate
    - MBProgressHUD
    - MJRefresh
    - MWPhotoBrowser
    - SDWebImage

EXTERNAL SOURCES:
  EaseUI:
    :git: https://github.com/easemob/easeui-ios-hyphenate-cocoapods.git

CHECKOUT OPTIONS:
  EaseUI:
    :commit: 357c5ea90fea23aef8a773b42f8e5bbd139b71cc
    :git: https://github.com/easemob/easeui-ios-hyphenate-cocoapods.git

SPEC CHECKSUMS:
  DACircularProgress: 4dd437c0fc3da5161cb289e07ac449493d41db71
  EaseUI: 3d42a15bd577fa03a00dff57496319ae2e71d4e4
  Hyphenate: ef7add2dc5cf7e0a018b4ba9c77658b54cf5ba33
  MBProgressHUD: 1569cf7ace17a8bac47aabfbb8580a49690386d1
  MJRefresh: b48380ae2b927b46c4ef000de9adb8dc748e1df7
  MWPhotoBrowser: 5836d7aa041dc05a13de380c246826578adc5ea5
  SDWebImage: 098e97e6176540799c27e804c96653ee0833d13c

PODFILE CHECKSUM: 5265d8e19ddc469bb404e7f346f4f3d40c7e4eee

COCOAPODS: 1.5.0
